
Microsoft Visual Studio Solution File, Format Version 12.00
# Visual Studio 15
VisualStudioVersion = 15.0.28307.757
MinimumVisualStudioVersion = 10.0.40219.1
Project("{2150E333-8FDC-42A3-9474-1A3956D46DE8}") = "Plugins", "Plugins", "{421FF90C-2A2F-4F98-9F93-098EDE815A25}"
EndProject
Project("{2150E333-8FDC-42A3-9474-1A3956D46DE8}") = "Lib", "Lib", "{62DC527B-2718-49F5-9AC5-0AF84B8E9B36}"
	ProjectSection(SolutionItems) = preProject
		Lib\ComponentFactory.Krypton.Design.dll = Lib\ComponentFactory.Krypton.Design.dll
		Lib\ComponentFactory.Krypton.Docking.dll = Lib\ComponentFactory.Krypton.Docking.dll
		Lib\ComponentFactory.Krypton.Navigator.dll = Lib\ComponentFactory.Krypton.Navigator.dll
		Lib\ComponentFactory.Krypton.Ribbon.dll = Lib\ComponentFactory.Krypton.Ribbon.dll
		Lib\ComponentFactory.Krypton.Toolkit.dll = Lib\ComponentFactory.Krypton.Toolkit.dll
		Lib\ComponentFactory.Krypton.Workspace.dll = Lib\ComponentFactory.Krypton.Workspace.dll
	EndProjectSection
EndProject
Project("{FAE04EC0-301F-11D3-BF4B-00C04F79EFBC}") = "DataMigrator", "DataMigrator\DataMigrator.csproj", "{D7F9A6A1-0CA0-46FF-B97E-31B9F03BF87B}"
EndProject
Project("{FAE04EC0-301F-11D3-BF4B-00C04F79EFBC}") = "DataMigrator.Common", "DataMigrator.Common\DataMigrator.Common.csproj", "{B70E0D33-B707-4A5C-9E78-2269CDC34564}"
EndProject
Project("{FAE04EC0-301F-11D3-BF4B-00C04F79EFBC}") = "DataMigrator.Office", "DataMigrator.Office\DataMigrator.Office.csproj", "{B0FA9E7B-45CA-4C82-AE15-6D1D64484036}"
EndProject
Project("{FAE04EC0-301F-11D3-BF4B-00C04F79EFBC}") = "DataMigrator.Windows.Forms", "DataMigrator.Windows.Forms\DataMigrator.Windows.Forms.csproj", "{4E8FDD50-631A-447C-B766-0D20C1C2B6C1}"
EndProject
Project("{FAE04EC0-301F-11D3-BF4B-00C04F79EFBC}") = "DataMigrator.Plugins.Access", "Plugins\DataMigrator.Plugins.Access\DataMigrator.Plugins.Access.csproj", "{67C982AC-6B8B-4554-975B-9785918F34B5}"
EndProject
Project("{FAE04EC0-301F-11D3-BF4B-00C04F79EFBC}") = "DataMigrator.Plugins.Csv", "Plugins\DataMigrator.Plugins.Csv\DataMigrator.Plugins.Csv.csproj", "{2C4AF93E-4B40-4156-B02C-A7858307F680}"
EndProject
Project("{FAE04EC0-301F-11D3-BF4B-00C04F79EFBC}") = "DataMigrator.Plugins.Excel", "Plugins\DataMigrator.Plugins.Excel\DataMigrator.Plugins.Excel.csproj", "{21354AAF-811A-422F-8938-C5D2E0E1BA9A}"
EndProject
Project("{FAE04EC0-301F-11D3-BF4B-00C04F79EFBC}") = "DataMigrator.Plugins.MySql", "Plugins\DataMigrator.Plugins.MySql\DataMigrator.Plugins.MySql.csproj", "{1E8BF3A3-5A13-444A-A8E1-3627B8B1076F}"
EndProject
Project("{FAE04EC0-301F-11D3-BF4B-00C04F79EFBC}") = "DataMigrator.Plugins.Npgsql", "Plugins\DataMigrator.Plugins.Npgsql\DataMigrator.Plugins.Npgsql.csproj", "{ACCE8067-798F-4644-8E99-4ACEF6AE8812}"
EndProject
Project("{FAE04EC0-301F-11D3-BF4B-00C04F79EFBC}") = "DataMigrator.Plugins.SharePoint", "Plugins\DataMigrator.Plugins.SharePoint\DataMigrator.Plugins.SharePoint.csproj", "{F6791FEC-C990-4C10-A240-07CE9DA24875}"
EndProject
Project("{FAE04EC0-301F-11D3-BF4B-00C04F79EFBC}") = "DataMigrator.Plugins.SqlCe3_5", "Plugins\DataMigrator.Plugins.SqlCe3_5\DataMigrator.Plugins.SqlCe3_5.csproj", "{48D8C00A-48CB-4C3F-9F5F-AEC9272119AE}"
EndProject
Project("{FAE04EC0-301F-11D3-BF4B-00C04F79EFBC}") = "DataMigrator.Plugins.SQLite", "Plugins\DataMigrator.Plugins.SQLite\DataMigrator.Plugins.SQLite.csproj", "{E85FB6FC-60E7-48AF-A8BF-A35064AE1780}"
EndProject
Project("{2150E333-8FDC-42A3-9474-1A3956D46DE8}") = "_Misc", "_Misc", "{BDFE911C-82C8-4F32-B8A3-88A3F9B3465E}"
	ProjectSection(SolutionItems) = preProject
		_Misc\Logo.png = _Misc\Logo.png
		_Misc\Screenshot_01_Connections.PNG = _Misc\Screenshot_01_Connections.PNG
		_Misc\Screenshot_02_Job.PNG = _Misc\Screenshot_02_Job.PNG
	EndProjectSection
EndProject
Global
	GlobalSection(SubversionScc) = preSolution
		Svn-Managed = True
		Manager = AnkhSVN - Subversion Support for Visual Studio
	EndGlobalSection
	GlobalSection(SolutionConfigurationPlatforms) = preSolution
		Debug|Any CPU = Debug|Any CPU
		Debug|Mixed Platforms = Debug|Mixed Platforms
		Debug|x86 = Debug|x86
		Release|Any CPU = Release|Any CPU
		Release|Mixed Platforms = Release|Mixed Platforms
		Release|x86 = Release|x86
	EndGlobalSection
	GlobalSection(ProjectConfigurationPlatforms) = postSolution
		{D7F9A6A1-0CA0-46FF-B97E-31B9F03BF87B}.Debug|Any CPU.ActiveCfg = Debug|x86
		{D7F9A6A1-0CA0-46FF-B97E-31B9F03BF87B}.Debug|Mixed Platforms.ActiveCfg = Debug|x86
		{D7F9A6A1-0CA0-46FF-B97E-31B9F03BF87B}.Debug|Mixed Platforms.Build.0 = Debug|x86
		{D7F9A6A1-0CA0-46FF-B97E-31B9F03BF87B}.Debug|x86.ActiveCfg = Debug|x86
		{D7F9A6A1-0CA0-46FF-B97E-31B9F03BF87B}.Debug|x86.Build.0 = Debug|x86
		{D7F9A6A1-0CA0-46FF-B97E-31B9F03BF87B}.Release|Any CPU.ActiveCfg = Release|x86
		{D7F9A6A1-0CA0-46FF-B97E-31B9F03BF87B}.Release|Mixed Platforms.ActiveCfg = Release|x86
		{D7F9A6A1-0CA0-46FF-B97E-31B9F03BF87B}.Release|Mixed Platforms.Build.0 = Release|x86
		{D7F9A6A1-0CA0-46FF-B97E-31B9F03BF87B}.Release|x86.ActiveCfg = Release|x86
		{D7F9A6A1-0CA0-46FF-B97E-31B9F03BF87B}.Release|x86.Build.0 = Release|x86
		{B70E0D33-B707-4A5C-9E78-2269CDC34564}.Debug|Any CPU.ActiveCfg = Debug|Any CPU
		{B70E0D33-B707-4A5C-9E78-2269CDC34564}.Debug|Any CPU.Build.0 = Debug|Any CPU
		{B70E0D33-B707-4A5C-9E78-2269CDC34564}.Debug|Mixed Platforms.ActiveCfg = Debug|Any CPU
		{B70E0D33-B707-4A5C-9E78-2269CDC34564}.Debug|Mixed Platforms.Build.0 = Debug|Any CPU
		{B70E0D33-B707-4A5C-9E78-2269CDC34564}.Debug|x86.ActiveCfg = Debug|Any CPU
		{B70E0D33-B707-4A5C-9E78-2269CDC34564}.Debug|x86.Build.0 = Debug|Any CPU
		{B70E0D33-B707-4A5C-9E78-2269CDC34564}.Release|Any CPU.ActiveCfg = Release|Any CPU
		{B70E0D33-B707-4A5C-9E78-2269CDC34564}.Release|Any CPU.Build.0 = Release|Any CPU
		{B70E0D33-B707-4A5C-9E78-2269CDC34564}.Release|Mixed Platforms.ActiveCfg = Release|Any CPU
		{B70E0D33-B707-4A5C-9E78-2269CDC34564}.Release|Mixed Platforms.Build.0 = Release|Any CPU
		{B70E0D33-B707-4A5C-9E78-2269CDC34564}.Release|x86.ActiveCfg = Release|Any CPU
		{B70E0D33-B707-4A5C-9E78-2269CDC34564}.Release|x86.Build.0 = Release|Any CPU
		{B0FA9E7B-45CA-4C82-AE15-6D1D64484036}.Debug|Any CPU.ActiveCfg = Debug|Any CPU
		{B0FA9E7B-45CA-4C82-AE15-6D1D64484036}.Debug|Any CPU.Build.0 = Debug|Any CPU
		{B0FA9E7B-45CA-4C82-AE15-6D1D64484036}.Debug|Mixed Platforms.ActiveCfg = Debug|Any CPU
		{B0FA9E7B-45CA-4C82-AE15-6D1D64484036}.Debug|Mixed Platforms.Build.0 = Debug|Any CPU
		{B0FA9E7B-45CA-4C82-AE15-6D1D64484036}.Debug|x86.ActiveCfg = Debug|Any CPU
		{B0FA9E7B-45CA-4C82-AE15-6D1D64484036}.Debug|x86.Build.0 = Debug|Any CPU
		{B0FA9E7B-45CA-4C82-AE15-6D1D64484036}.Release|Any CPU.ActiveCfg = Release|Any CPU
		{B0FA9E7B-45CA-4C82-AE15-6D1D64484036}.Release|Any CPU.Build.0 = Release|Any CPU
		{B0FA9E7B-45CA-4C82-AE15-6D1D64484036}.Release|Mixed Platforms.ActiveCfg = Release|Any CPU
		{B0FA9E7B-45CA-4C82-AE15-6D1D64484036}.Release|Mixed Platforms.Build.0 = Release|Any CPU
		{B0FA9E7B-45CA-4C82-AE15-6D1D64484036}.Release|x86.ActiveCfg = Release|Any CPU
		{B0FA9E7B-45CA-4C82-AE15-6D1D64484036}.Release|x86.Build.0 = Release|Any CPU
		{4E8FDD50-631A-447C-B766-0D20C1C2B6C1}.Debug|Any CPU.ActiveCfg = Debug|Any CPU
		{4E8FDD50-631A-447C-B766-0D20C1C2B6C1}.Debug|Any CPU.Build.0 = Debug|Any CPU
		{4E8FDD50-631A-447C-B766-0D20C1C2B6C1}.Debug|Mixed Platforms.ActiveCfg = Debug|Any CPU
		{4E8FDD50-631A-447C-B766-0D20C1C2B6C1}.Debug|Mixed Platforms.Build.0 = Debug|Any CPU
		{4E8FDD50-631A-447C-B766-0D20C1C2B6C1}.Debug|x86.ActiveCfg = Debug|Any CPU
		{4E8FDD50-631A-447C-B766-0D20C1C2B6C1}.Debug|x86.Build.0 = Debug|Any CPU
		{4E8FDD50-631A-447C-B766-0D20C1C2B6C1}.Release|Any CPU.ActiveCfg = Release|Any CPU
		{4E8FDD50-631A-447C-B766-0D20C1C2B6C1}.Release|Any CPU.Build.0 = Release|Any CPU
		{4E8FDD50-631A-447C-B766-0D20C1C2B6C1}.Release|Mixed Platforms.ActiveCfg = Release|Any CPU
		{4E8FDD50-631A-447C-B766-0D20C1C2B6C1}.Release|Mixed Platforms.Build.0 = Release|Any CPU
		{4E8FDD50-631A-447C-B766-0D20C1C2B6C1}.Release|x86.ActiveCfg = Release|Any CPU
		{4E8FDD50-631A-447C-B766-0D20C1C2B6C1}.Release|x86.Build.0 = Release|Any CPU
		{67C982AC-6B8B-4554-975B-9785918F34B5}.Debug|Any CPU.ActiveCfg = Debug|Any CPU
		{67C982AC-6B8B-4554-975B-9785918F34B5}.Debug|Any CPU.Build.0 = Debug|Any CPU
		{67C982AC-6B8B-4554-975B-9785918F34B5}.Debug|Mixed Platforms.ActiveCfg = Debug|Any CPU
		{67C982AC-6B8B-4554-975B-9785918F34B5}.Debug|Mixed Platforms.Build.0 = Debug|Any CPU
		{67C982AC-6B8B-4554-975B-9785918F34B5}.Debug|x86.ActiveCfg = Debug|Any CPU
		{67C982AC-6B8B-4554-975B-9785918F34B5}.Debug|x86.Build.0 = Debug|Any CPU
		{67C982AC-6B8B-4554-975B-9785918F34B5}.Release|Any CPU.ActiveCfg = Release|Any CPU
		{67C982AC-6B8B-4554-975B-9785918F34B5}.Release|Any CPU.Build.0 = Release|Any CPU
		{67C982AC-6B8B-4554-975B-9785918F34B5}.Release|Mixed Platforms.ActiveCfg = Release|Any CPU
		{67C982AC-6B8B-4554-975B-9785918F34B5}.Release|Mixed Platforms.Build.0 = Release|Any CPU
		{67C982AC-6B8B-4554-975B-9785918F34B5}.Release|x86.ActiveCfg = Release|Any CPU
		{67C982AC-6B8B-4554-975B-9785918F34B5}.Release|x86.Build.0 = Release|Any CPU
		{2C4AF93E-4B40-4156-B02C-A7858307F680}.Debug|Any CPU.ActiveCfg = Debug|Any CPU
		{2C4AF93E-4B40-4156-B02C-A7858307F680}.Debug|Any CPU.Build.0 = Debug|Any CPU
		{2C4AF93E-4B40-4156-B02C-A7858307F680}.Debug|Mixed Platforms.ActiveCfg = Debug|Any CPU
		{2C4AF93E-4B40-4156-B02C-A7858307F680}.Debug|Mixed Platforms.Build.0 = Debug|Any CPU
		{2C4AF93E-4B40-4156-B02C-A7858307F680}.Debug|x86.ActiveCfg = Debug|Any CPU
		{2C4AF93E-4B40-4156-B02C-A7858307F680}.Debug|x86.Build.0 = Debug|Any CPU
		{2C4AF93E-4B40-4156-B02C-A7858307F680}.Release|Any CPU.ActiveCfg = Release|Any CPU
		{2C4AF93E-4B40-4156-B02C-A7858307F680}.Release|Any CPU.Build.0 = Release|Any CPU
		{2C4AF93E-4B40-4156-B02C-A7858307F680}.Release|Mixed Platforms.ActiveCfg = Release|Any CPU
		{2C4AF93E-4B40-4156-B02C-A7858307F680}.Release|Mixed Platforms.Build.0 = Release|Any CPU
		{2C4AF93E-4B40-4156-B02C-A7858307F680}.Release|x86.ActiveCfg = Release|Any CPU
		{2C4AF93E-4B40-4156-B02C-A7858307F680}.Release|x86.Build.0 = Release|Any CPU
		{21354AAF-811A-422F-8938-C5D2E0E1BA9A}.Debug|Any CPU.ActiveCfg = Debug|Any CPU
		{21354AAF-811A-422F-8938-C5D2E0E1BA9A}.Debug|Any CPU.Build.0 = Debug|Any CPU
		{21354AAF-811A-422F-8938-C5D2E0E1BA9A}.Debug|Mixed Platforms.ActiveCfg = Debug|Any CPU
		{21354AAF-811A-422F-8938-C5D2E0E1BA9A}.Debug|Mixed Platforms.Build.0 = Debug|Any CPU
		{21354AAF-811A-422F-8938-C5D2E0E1BA9A}.Debug|x86.ActiveCfg = Debug|Any CPU
		{21354AAF-811A-422F-8938-C5D2E0E1BA9A}.Debug|x86.Build.0 = Debug|Any CPU
		{21354AAF-811A-422F-8938-C5D2E0E1BA9A}.Release|Any CPU.ActiveCfg = Release|Any CPU
		{21354AAF-811A-422F-8938-C5D2E0E1BA9A}.Release|Any CPU.Build.0 = Release|Any CPU
		{21354AAF-811A-422F-8938-C5D2E0E1BA9A}.Release|Mixed Platforms.ActiveCfg = Release|Any CPU
		{21354AAF-811A-422F-8938-C5D2E0E1BA9A}.Release|Mixed Platforms.Build.0 = Release|Any CPU
		{21354AAF-811A-422F-8938-C5D2E0E1BA9A}.Release|x86.ActiveCfg = Release|Any CPU
		{21354AAF-811A-422F-8938-C5D2E0E1BA9A}.Release|x86.Build.0 = Release|Any CPU
		{1E8BF3A3-5A13-444A-A8E1-3627B8B1076F}.Debug|Any CPU.ActiveCfg = Debug|Any CPU
		{1E8BF3A3-5A13-444A-A8E1-3627B8B1076F}.Debug|Any CPU.Build.0 = Debug|Any CPU
		{1E8BF3A3-5A13-444A-A8E1-3627B8B1076F}.Debug|Mixed Platforms.ActiveCfg = Debug|Any CPU
		{1E8BF3A3-5A13-444A-A8E1-3627B8B1076F}.Debug|Mixed Platforms.Build.0 = Debug|Any CPU
		{1E8BF3A3-5A13-444A-A8E1-3627B8B1076F}.Debug|x86.ActiveCfg = Debug|Any CPU
		{1E8BF3A3-5A13-444A-A8E1-3627B8B1076F}.Debug|x86.Build.0 = Debug|Any CPU
		{1E8BF3A3-5A13-444A-A8E1-3627B8B1076F}.Release|Any CPU.ActiveCfg = Release|Any CPU
		{1E8BF3A3-5A13-444A-A8E1-3627B8B1076F}.Release|Any CPU.Build.0 = Release|Any CPU
		{1E8BF3A3-5A13-444A-A8E1-3627B8B1076F}.Release|Mixed Platforms.ActiveCfg = Release|Any CPU
		{1E8BF3A3-5A13-444A-A8E1-3627B8B1076F}.Release|Mixed Platforms.Build.0 = Release|Any CPU
		{1E8BF3A3-5A13-444A-A8E1-3627B8B1076F}.Release|x86.ActiveCfg = Release|Any CPU
		{1E8BF3A3-5A13-444A-A8E1-3627B8B1076F}.Release|x86.Build.0 = Release|Any CPU
		{ACCE8067-798F-4644-8E99-4ACEF6AE8812}.Debug|Any CPU.ActiveCfg = Debug|Any CPU
		{ACCE8067-798F-4644-8E99-4ACEF6AE8812}.Debug|Any CPU.Build.0 = Debug|Any CPU
		{ACCE8067-798F-4644-8E99-4ACEF6AE8812}.Debug|Mixed Platforms.ActiveCfg = Debug|Any CPU
		{ACCE8067-798F-4644-8E99-4ACEF6AE8812}.Debug|Mixed Platforms.Build.0 = Debug|Any CPU
		{ACCE8067-798F-4644-8E99-4ACEF6AE8812}.Debug|x86.ActiveCfg = Debug|Any CPU
		{ACCE8067-798F-4644-8E99-4ACEF6AE8812}.Debug|x86.Build.0 = Debug|Any CPU
		{ACCE8067-798F-4644-8E99-4ACEF6AE8812}.Release|Any CPU.ActiveCfg = Release|Any CPU
		{ACCE8067-798F-4644-8E99-4ACEF6AE8812}.Release|Any CPU.Build.0 = Release|Any CPU
		{ACCE8067-798F-4644-8E99-4ACEF6AE8812}.Release|Mixed Platforms.ActiveCfg = Release|Any CPU
		{ACCE8067-798F-4644-8E99-4ACEF6AE8812}.Release|Mixed Platforms.Build.0 = Release|Any CPU
		{ACCE8067-798F-4644-8E99-4ACEF6AE8812}.Release|x86.ActiveCfg = Release|Any CPU
		{ACCE8067-798F-4644-8E99-4ACEF6AE8812}.Release|x86.Build.0 = Release|Any CPU
		{F6791FEC-C990-4C10-A240-07CE9DA24875}.Debug|Any CPU.ActiveCfg = Debug|Any CPU
		{F6791FEC-C990-4C10-A240-07CE9DA24875}.Debug|Any CPU.Build.0 = Debug|Any CPU
		{F6791FEC-C990-4C10-A240-07CE9DA24875}.Debug|Mixed Platforms.ActiveCfg = Debug|Any CPU
		{F6791FEC-C990-4C10-A240-07CE9DA24875}.Debug|Mixed Platforms.Build.0 = Debug|Any CPU
		{F6791FEC-C990-4C10-A240-07CE9DA24875}.Debug|x86.ActiveCfg = Debug|Any CPU
		{F6791FEC-C990-4C10-A240-07CE9DA24875}.Debug|x86.Build.0 = Debug|Any CPU
		{F6791FEC-C990-4C10-A240-07CE9DA24875}.Release|Any CPU.ActiveCfg = Release|Any CPU
		{F6791FEC-C990-4C10-A240-07CE9DA24875}.Release|Any CPU.Build.0 = Release|Any CPU
		{F6791FEC-C990-4C10-A240-07CE9DA24875}.Release|Mixed Platforms.ActiveCfg = Release|Any CPU
		{F6791FEC-C990-4C10-A240-07CE9DA24875}.Release|Mixed Platforms.Build.0 = Release|Any CPU
		{F6791FEC-C990-4C10-A240-07CE9DA24875}.Release|x86.ActiveCfg = Release|Any CPU
		{F6791FEC-C990-4C10-A240-07CE9DA24875}.Release|x86.Build.0 = Release|Any CPU
		{48D8C00A-48CB-4C3F-9F5F-AEC9272119AE}.Debug|Any CPU.ActiveCfg = Debug|Any CPU
		{48D8C00A-48CB-4C3F-9F5F-AEC9272119AE}.Debug|Any CPU.Build.0 = Debug|Any CPU
		{48D8C00A-48CB-4C3F-9F5F-AEC9272119AE}.Debug|Mixed Platforms.ActiveCfg = Debug|Any CPU
		{48D8C00A-48CB-4C3F-9F5F-AEC9272119AE}.Debug|Mixed Platforms.Build.0 = Debug|Any CPU
		{48D8C00A-48CB-4C3F-9F5F-AEC9272119AE}.Debug|x86.ActiveCfg = Debug|Any CPU
		{48D8C00A-48CB-4C3F-9F5F-AEC9272119AE}.Debug|x86.Build.0 = Debug|Any CPU
		{48D8C00A-48CB-4C3F-9F5F-AEC9272119AE}.Release|Any CPU.ActiveCfg = Release|Any CPU
		{48D8C00A-48CB-4C3F-9F5F-AEC9272119AE}.Release|Any CPU.Build.0 = Release|Any CPU
		{48D8C00A-48CB-4C3F-9F5F-AEC9272119AE}.Release|Mixed Platforms.ActiveCfg = Release|Any CPU
		{48D8C00A-48CB-4C3F-9F5F-AEC9272119AE}.Release|Mixed Platforms.Build.0 = Release|Any CPU
		{48D8C00A-48CB-4C3F-9F5F-AEC9272119AE}.Release|x86.ActiveCfg = Release|Any CPU
		{48D8C00A-48CB-4C3F-9F5F-AEC9272119AE}.Release|x86.Build.0 = Release|Any CPU
		{E85FB6FC-60E7-48AF-A8BF-A35064AE1780}.Debug|Any CPU.ActiveCfg = Debug|Any CPU
		{E85FB6FC-60E7-48AF-A8BF-A35064AE1780}.Debug|Any CPU.Build.0 = Debug|Any CPU
		{E85FB6FC-60E7-48AF-A8BF-A35064AE1780}.Debug|Mixed Platforms.ActiveCfg = Debug|Any CPU
		{E85FB6FC-60E7-48AF-A8BF-A35064AE1780}.Debug|Mixed Platforms.Build.0 = Debug|Any CPU
		{E85FB6FC-60E7-48AF-A8BF-A35064AE1780}.Debug|x86.ActiveCfg = Debug|Any CPU
		{E85FB6FC-60E7-48AF-A8BF-A35064AE1780}.Debug|x86.Build.0 = Debug|Any CPU
		{E85FB6FC-60E7-48AF-A8BF-A35064AE1780}.Release|Any CPU.ActiveCfg = Release|Any CPU
		{E85FB6FC-60E7-48AF-A8BF-A35064AE1780}.Release|Any CPU.Build.0 = Release|Any CPU
		{E85FB6FC-60E7-48AF-A8BF-A35064AE1780}.Release|Mixed Platforms.ActiveCfg = Release|Any CPU
		{E85FB6FC-60E7-48AF-A8BF-A35064AE1780}.Release|Mixed Platforms.Build.0 = Release|Any CPU
		{E85FB6FC-60E7-48AF-A8BF-A35064AE1780}.Release|x86.ActiveCfg = Release|Any CPU
		{E85FB6FC-60E7-48AF-A8BF-A35064AE1780}.Release|x86.Build.0 = Release|Any CPU
	EndGlobalSection
	GlobalSection(SolutionProperties) = preSolution
		HideSolutionNode = FALSE
	EndGlobalSection
	GlobalSection(NestedProjects) = preSolution
		{67C982AC-6B8B-4554-975B-9785918F34B5} = {421FF90C-2A2F-4F98-9F93-098EDE815A25}
		{2C4AF93E-4B40-4156-B02C-A7858307F680} = {421FF90C-2A2F-4F98-9F93-098EDE815A25}
		{21354AAF-811A-422F-8938-C5D2E0E1BA9A} = {421FF90C-2A2F-4F98-9F93-098EDE815A25}
		{1E8BF3A3-5A13-444A-A8E1-3627B8B1076F} = {421FF90C-2A2F-4F98-9F93-098EDE815A25}
		{ACCE8067-798F-4644-8E99-4ACEF6AE8812} = {421FF90C-2A2F-4F98-9F93-098EDE815A25}
		{F6791FEC-C990-4C10-A240-07CE9DA24875} = {421FF90C-2A2F-4F98-9F93-098EDE815A25}
		{48D8C00A-48CB-4C3F-9F5F-AEC9272119AE} = {421FF90C-2A2F-4F98-9F93-098EDE815A25}
		{E85FB6FC-60E7-48AF-A8BF-A35064AE1780} = {421FF90C-2A2F-4F98-9F93-098EDE815A25}
	EndGlobalSection
	GlobalSection(ExtensibilityGlobals) = postSolution
		SolutionGuid = {F7CCD160-B7A9-4E4B-AED2-4A1CF97C88CF}
	EndGlobalSection
EndGlobal
