
Microsoft Visual Studio Solution File, Format Version 12.00
# Visual Studio Version 17
VisualStudioVersion = 17.4.33213.308
MinimumVisualStudioVersion = 10.0.40219.1
Project("{9A19103F-16F7-4668-BE54-9A1E7A4F7556}") = "DataMigrator", "DataMigrator\DataMigrator.csproj", "{5B184C97-B096-411F-8F52-7ACFB9A040E4}"
EndProject
Project("{9A19103F-16F7-4668-BE54-9A1E7A4F7556}") = "DataMigrator.Common", "DataMigrator.Common\DataMigrator.Common.csproj", "{BFFE01DF-6A32-4114-B39C-37829F28CEF3}"
EndProject
Project("{2150E333-8FDC-42A3-9474-1A3956D46DE8}") = "Plugins", "Plugins", "{169C2457-B1D8-44E1-A126-798FC2889479}"
EndProject
Project("{2150E333-8FDC-42A3-9474-1A3956D46DE8}") = "_Misc", "_Misc", "{C66A2563-2A8A-43DD-B5AF-F992C17A2CD1}"
	ProjectSection(SolutionItems) = preProject
		.editorconfig = .editorconfig
		_Misc\Logo.png = _Misc\Logo.png
		_Misc\Screenshot_01_Connections.PNG = _Misc\Screenshot_01_Connections.PNG
		_Misc\Screenshot_02_Job.PNG = _Misc\Screenshot_02_Job.PNG
	EndProjectSection
EndProject
Project("{FAE04EC0-301F-11D3-BF4B-00C04F79EFBC}") = "DataMigrator.Plugins.Access", "Plugins\DataMigrator.Plugins.Access\DataMigrator.Plugins.Access.csproj", "{454375C1-9FF3-444D-AD11-3E14D4F0CD6E}"
EndProject
Project("{9A19103F-16F7-4668-BE54-9A1E7A4F7556}") = "DataMigrator.Plugins.Csv", "Plugins\DataMigrator.Plugins.Csv\DataMigrator.Plugins.Csv.csproj", "{35D9B2C8-017E-4B93-9FE9-9DA3E0FD3512}"
EndProject
Project("{9A19103F-16F7-4668-BE54-9A1E7A4F7556}") = "DataMigrator.Plugins.Excel", "Plugins\DataMigrator.Plugins.Excel\DataMigrator.Plugins.Excel.csproj", "{8181ECE8-40C6-45F9-A386-7C3998B8D7F6}"
EndProject
Project("{9A19103F-16F7-4668-BE54-9A1E7A4F7556}") = "DataMigrator.Plugins.MySql", "Plugins\DataMigrator.Plugins.MySql\DataMigrator.Plugins.MySql.csproj", "{747107A0-B019-42EB-9D89-15E4AAD5A4FC}"
EndProject
Project("{9A19103F-16F7-4668-BE54-9A1E7A4F7556}") = "DataMigrator.Plugins.Npgsql", "Plugins\DataMigrator.Plugins.Npgsql\DataMigrator.Plugins.Npgsql.csproj", "{451A7EA1-4919-47D5-895F-27A15497EFF0}"
EndProject
Project("{9A19103F-16F7-4668-BE54-9A1E7A4F7556}") = "DataMigrator.Plugins.SharePoint", "Plugins\DataMigrator.Plugins.SharePoint\DataMigrator.Plugins.SharePoint.csproj", "{A283EB15-19EA-4DE7-93FA-431F2F663683}"
EndProject
Global
	GlobalSection(SolutionConfigurationPlatforms) = preSolution
		Debug|Any CPU = Debug|Any CPU
		Release|Any CPU = Release|Any CPU
	EndGlobalSection
	GlobalSection(ProjectConfigurationPlatforms) = postSolution
		{5B184C97-B096-411F-8F52-7ACFB9A040E4}.Debug|Any CPU.ActiveCfg = Debug|Any CPU
		{5B184C97-B096-411F-8F52-7ACFB9A040E4}.Debug|Any CPU.Build.0 = Debug|Any CPU
		{5B184C97-B096-411F-8F52-7ACFB9A040E4}.Release|Any CPU.ActiveCfg = Release|Any CPU
		{5B184C97-B096-411F-8F52-7ACFB9A040E4}.Release|Any CPU.Build.0 = Release|Any CPU
		{BFFE01DF-6A32-4114-B39C-37829F28CEF3}.Debug|Any CPU.ActiveCfg = Debug|Any CPU
		{BFFE01DF-6A32-4114-B39C-37829F28CEF3}.Debug|Any CPU.Build.0 = Debug|Any CPU
		{BFFE01DF-6A32-4114-B39C-37829F28CEF3}.Release|Any CPU.ActiveCfg = Release|Any CPU
		{BFFE01DF-6A32-4114-B39C-37829F28CEF3}.Release|Any CPU.Build.0 = Release|Any CPU
		{454375C1-9FF3-444D-AD11-3E14D4F0CD6E}.Debug|Any CPU.ActiveCfg = Debug|Any CPU
		{454375C1-9FF3-444D-AD11-3E14D4F0CD6E}.Debug|Any CPU.Build.0 = Debug|Any CPU
		{454375C1-9FF3-444D-AD11-3E14D4F0CD6E}.Release|Any CPU.ActiveCfg = Release|Any CPU
		{454375C1-9FF3-444D-AD11-3E14D4F0CD6E}.Release|Any CPU.Build.0 = Release|Any CPU
		{35D9B2C8-017E-4B93-9FE9-9DA3E0FD3512}.Debug|Any CPU.ActiveCfg = Debug|Any CPU
		{35D9B2C8-017E-4B93-9FE9-9DA3E0FD3512}.Debug|Any CPU.Build.0 = Debug|Any CPU
		{35D9B2C8-017E-4B93-9FE9-9DA3E0FD3512}.Release|Any CPU.ActiveCfg = Release|Any CPU
		{35D9B2C8-017E-4B93-9FE9-9DA3E0FD3512}.Release|Any CPU.Build.0 = Release|Any CPU
		{8181ECE8-40C6-45F9-A386-7C3998B8D7F6}.Debug|Any CPU.ActiveCfg = Debug|Any CPU
		{8181ECE8-40C6-45F9-A386-7C3998B8D7F6}.Debug|Any CPU.Build.0 = Debug|Any CPU
		{8181ECE8-40C6-45F9-A386-7C3998B8D7F6}.Release|Any CPU.ActiveCfg = Release|Any CPU
		{8181ECE8-40C6-45F9-A386-7C3998B8D7F6}.Release|Any CPU.Build.0 = Release|Any CPU
		{747107A0-B019-42EB-9D89-15E4AAD5A4FC}.Debug|Any CPU.ActiveCfg = Debug|Any CPU
		{747107A0-B019-42EB-9D89-15E4AAD5A4FC}.Debug|Any CPU.Build.0 = Debug|Any CPU
		{747107A0-B019-42EB-9D89-15E4AAD5A4FC}.Release|Any CPU.ActiveCfg = Release|Any CPU
		{747107A0-B019-42EB-9D89-15E4AAD5A4FC}.Release|Any CPU.Build.0 = Release|Any CPU
		{451A7EA1-4919-47D5-895F-27A15497EFF0}.Debug|Any CPU.ActiveCfg = Debug|Any CPU
		{451A7EA1-4919-47D5-895F-27A15497EFF0}.Debug|Any CPU.Build.0 = Debug|Any CPU
		{451A7EA1-4919-47D5-895F-27A15497EFF0}.Release|Any CPU.ActiveCfg = Release|Any CPU
		{451A7EA1-4919-47D5-895F-27A15497EFF0}.Release|Any CPU.Build.0 = Release|Any CPU
		{A283EB15-19EA-4DE7-93FA-431F2F663683}.Debug|Any CPU.ActiveCfg = Debug|Any CPU
		{A283EB15-19EA-4DE7-93FA-431F2F663683}.Debug|Any CPU.Build.0 = Debug|Any CPU
		{A283EB15-19EA-4DE7-93FA-431F2F663683}.Release|Any CPU.ActiveCfg = Release|Any CPU
		{A283EB15-19EA-4DE7-93FA-431F2F663683}.Release|Any CPU.Build.0 = Release|Any CPU
	EndGlobalSection
	GlobalSection(SolutionProperties) = preSolution
		HideSolutionNode = FALSE
	EndGlobalSection
	GlobalSection(NestedProjects) = preSolution
		{454375C1-9FF3-444D-AD11-3E14D4F0CD6E} = {169C2457-B1D8-44E1-A126-798FC2889479}
		{35D9B2C8-017E-4B93-9FE9-9DA3E0FD3512} = {169C2457-B1D8-44E1-A126-798FC2889479}
		{8181ECE8-40C6-45F9-A386-7C3998B8D7F6} = {169C2457-B1D8-44E1-A126-798FC2889479}
		{747107A0-B019-42EB-9D89-15E4AAD5A4FC} = {169C2457-B1D8-44E1-A126-798FC2889479}
		{451A7EA1-4919-47D5-895F-27A15497EFF0} = {169C2457-B1D8-44E1-A126-798FC2889479}
		{A283EB15-19EA-4DE7-93FA-431F2F663683} = {169C2457-B1D8-44E1-A126-798FC2889479}
	EndGlobalSection
	GlobalSection(ExtensibilityGlobals) = postSolution
		SolutionGuid = {B5DD34B4-0518-4746-AEDB-331CAEABADE8}
	EndGlobalSection
EndGlobal
